
Microsoft Visual Studio Solution File, Format Version 12.00
# Visual Studio 15
Project("{FAE04EC0-301F-11D3-BF4B-00C04F79EFBC}") = "Assembly-CSharp", "Assembly-CSharp.csproj", "{D0BA1AA6-DD61-4ACF-C030-D0D5575B2BB6}"
EndProject
Project("{FAE04EC0-301F-11D3-BF4B-00C04F79EFBC}") = "Assembly-CSharp-Editor", "Assembly-CSharp-Editor.csproj", "{F3B8F0C5-AFBC-0276-C071-6BA2F9D4E95B}"
EndProject
Global
	GlobalSection(SolutionConfigurationPlatforms) = preSolution
		Debug|Any CPU = Debug|Any CPU
		Release|Any CPU = Release|Any CPU
	EndGlobalSection
	GlobalSection(ProjectConfigurationPlatforms) = postSolution
		{D0BA1AA6-DD61-4ACF-C030-D0D5575B2BB6}.Debug|Any CPU.ActiveCfg = Debug|Any CPU
		{D0BA1AA6-DD61-4ACF-C030-D0D5575B2BB6}.Debug|Any CPU.Build.0 = Debug|Any CPU
		{D0BA1AA6-DD61-4ACF-C030-D0D5575B2BB6}.Release|Any CPU.ActiveCfg = Release|Any CPU
		{D0BA1AA6-DD61-4ACF-C030-D0D5575B2BB6}.Release|Any CPU.Build.0 = Release|Any CPU
		{F3B8F0C5-AFBC-0276-C071-6BA2F9D4E95B}.Debug|Any CPU.ActiveCfg = Debug|Any CPU
		{F3B8F0C5-AFBC-0276-C071-6BA2F9D4E95B}.Debug|Any CPU.Build.0 = Debug|Any CPU
		{F3B8F0C5-AFBC-0276-C071-6BA2F9D4E95B}.Release|Any CPU.ActiveCfg = Release|Any CPU
		{F3B8F0C5-AFBC-0276-C071-6BA2F9D4E95B}.Release|Any CPU.Build.0 = Release|Any CPU
	EndGlobalSection
	GlobalSection(SolutionProperties) = preSolution
		HideSolutionNode = FALSE
	EndGlobalSection
EndGlobal
